{
    "name": "gst-webrtc-app-proxy",
    "version": "1.0.0",
    "lockfileVersion": 1,
    "requires": true,
    "dependencies": {
        "ansi-regex": {
            "version": "2.1.1",
            "resolved": "https://registry.npmjs.org/ansi-regex/-/ansi-regex-2.1.1.tgz",
            "integrity": "sha1-w7M6te42DYbg5ijwRorn7yfWVN8=",
            "dev": true
        },
        "camelcase": {
            "version": "2.1.1",
            "resolved": "https://registry.npmjs.org/camelcase/-/camelcase-2.1.1.tgz",
            "integrity": "sha1-fB0W1nmhu+WcoCys7PsBHiAfWh8=",
            "dev": true
        },
        "cliui": {
            "version": "3.2.0",
            "resolved": "https://registry.npmjs.org/cliui/-/cliui-3.2.0.tgz",
            "integrity": "sha1-EgYBU3qRbSmUD5NNo7SNWFo5IT0=",
            "dev": true,
            "requires": {
                "string-width": "^1.0.1",
                "strip-ansi": "^3.0.1",
                "wrap-ansi": "^2.0.0"
            }
        },
        "code-point-at": {
            "version": "1.1.0",
            "resolved": "https://registry.npmjs.org/code-point-at/-/code-point-at-1.1.0.tgz",
            "integrity": "sha1-DQcLTQQ6W+ozovGkDi7bPZpMz3c=",
            "dev": true
        },
        "decamelize": {
            "version": "1.2.0",
            "resolved": "https://registry.npmjs.org/decamelize/-/decamelize-1.2.0.tgz",
            "integrity": "sha1-9lNNFRSCabIDUue+4m9QH5oZEpA=",
            "dev": true
        },
        "eventemitter3": {
            "version": "4.0.7",
            "resolved": "https://registry.npmjs.org/eventemitter3/-/eventemitter3-4.0.7.tgz",
            "integrity": "sha512-8guHBZCwKnFhYdHr2ysuRWErTwhoN2X8XELRlrRwpmfeY2jjuUN4taQMsULKUVo1K4DvZl+0pgfyoysHxvmvEw=="
        },
        "follow-redirects": {
            "version": "1.14.7",
            "resolved": "https://registry.npmjs.org/follow-redirects/-/follow-redirects-1.14.7.tgz",
            "integrity": "sha512-+hbxoLbFMbRKDwohX8GkTataGqO6Jb7jGwpAlwgy2bIz25XtRm7KEzJM76R1WiNT5SwZkX4Y75SwBolkpmE7iQ=="
        },
        "http-proxy": {
            "version": "1.18.1",
            "resolved": "https://registry.npmjs.org/http-proxy/-/http-proxy-1.18.1.tgz",
            "integrity": "sha512-7mz/721AbnJwIVbnaSv1Cz3Am0ZLT/UBwkC92VlxhXv/k/BBQfM2fXElQNC27BVGr0uwUpplYPQM9LnaBMR5NQ==",
            "requires": {
                "eventemitter3": "^4.0.0",
                "follow-redirects": "^1.0.0",
                "requires-port": "^1.0.0"
            }
        },
        "http-proxy-cli": {
            "version": "1.1.0",
            "resolved": "https://registry.npmjs.org/http-proxy-cli/-/http-proxy-cli-1.1.0.tgz",
            "integrity": "sha1-SD9mwwc1trT8XfSXtKuoiOqiEqc=",
            "dev": true,
            "requires": {
                "http-proxy": "^1.11.1",
                "yargs": "^3.21.0"
            }
        },
        "invert-kv": {
            "version": "1.0.0",
            "resolved": "https://registry.npmjs.org/invert-kv/-/invert-kv-1.0.0.tgz",
            "integrity": "sha1-EEqOSqym09jNFXqO+L+rLXo//bY=",
            "dev": true
        },
        "is-fullwidth-code-point": {
            "version": "1.0.0",
            "resolved": "https://registry.npmjs.org/is-fullwidth-code-point/-/is-fullwidth-code-point-1.0.0.tgz",
            "integrity": "sha1-754xOG8DGn8NZDr4L95QxFfvAMs=",
            "dev": true,
            "requires": {
                "number-is-nan": "^1.0.0"
            }
        },
        "lcid": {
            "version": "1.0.0",
            "resolved": "https://registry.npmjs.org/lcid/-/lcid-1.0.0.tgz",
            "integrity": "sha1-MIrMr6C8SDo4Z7S28rlQYlHRuDU=",
            "dev": true,
            "requires": {
                "invert-kv": "^1.0.0"
            }
        },
        "number-is-nan": {
            "version": "1.0.1",
            "resolved": "https://registry.npmjs.org/number-is-nan/-/number-is-nan-1.0.1.tgz",
            "integrity": "sha1-CXtgK1NCKlIsGvuHkDGDNpQaAR0=",
            "dev": true
        },
        "os-locale": {
            "version": "1.4.0",
            "resolved": "https://registry.npmjs.org/os-locale/-/os-locale-1.4.0.tgz",
            "integrity": "sha1-IPnxeuKe00XoveWDsT0gCYA8FNk=",
            "dev": true,
            "requires": {
                "lcid": "^1.0.0"
            }
        },
        "requires-port": {
            "version": "1.0.0",
            "resolved": "https://registry.npmjs.org/requires-port/-/requires-port-1.0.0.tgz",
            "integrity": "sha1-kl0mAdOaxIXgkc8NpcbmlNw9yv8="
        },
        "string-width": {
            "version": "1.0.2",
            "resolved": "https://registry.npmjs.org/string-width/-/string-width-1.0.2.tgz",
            "integrity": "sha1-EYvfW4zcUaKn5w0hHgfisLmxB9M=",
            "dev": true,
            "requires": {
                "code-point-at": "^1.0.0",
                "is-fullwidth-code-point": "^1.0.0",
                "strip-ansi": "^3.0.0"
            }
        },
        "strip-ansi": {
            "version": "3.0.1",
            "resolved": "https://registry.npmjs.org/strip-ansi/-/strip-ansi-3.0.1.tgz",
            "integrity": "sha1-ajhfuIU9lS1f8F0Oiq+UJ43GPc8=",
            "dev": true,
            "requires": {
                "ansi-regex": "^2.0.0"
            }
        },
        "window-size": {
            "version": "0.1.4",
            "resolved": "https://registry.npmjs.org/window-size/-/window-size-0.1.4.tgz",
            "integrity": "sha1-+OGqHuWlPsW/FR/6CXQqatdpeHY=",
            "dev": true
        },
        "wrap-ansi": {
            "version": "2.1.0",
            "resolved": "https://registry.npmjs.org/wrap-ansi/-/wrap-ansi-2.1.0.tgz",
            "integrity": "sha1-2Pw9KE3QV5T+hJc8rs3Rz4JP3YU=",
            "dev": true,
            "requires": {
                "string-width": "^1.0.1",
                "strip-ansi": "^3.0.1"
            }
        },
        "y18n": {
            "version": "3.2.1",
            "resolved": "https://registry.npmjs.org/y18n/-/y18n-3.2.1.tgz",
            "integrity": "sha1-bRX7qITAhnnA136I53WegR4H+kE=",
            "dev": true
        },
        "yargs": {
            "version": "3.32.0",
            "resolved": "https://registry.npmjs.org/yargs/-/yargs-3.32.0.tgz",
            "integrity": "sha1-AwiOnr+edWtpdRYR0qXvWRSCyZU=",
            "dev": true,
            "requires": {
                "camelcase": "^2.0.1",
                "cliui": "^3.0.3",
                "decamelize": "^1.1.1",
                "os-locale": "^1.4.0",
                "string-width": "^1.0.1",
                "window-size": "^0.1.4",
                "y18n": "^3.2.0"
            }
        }
    }
}
